
Microsoft Visual Studio Solution File, Format Version 12.00
Project("{FAE04EC0-301F-11D3-BF4B-00C04F79EFBC}") = "OOP_Labs_C1_T2", "OOP_Labs_C1_T2\OOP_Labs_C1_T2.csproj", "{BCB426D3-5C2E-40AA-959B-A74BEF128344}"
EndProject
Global
	GlobalSection(SolutionConfigurationPlatforms) = preSolution
		Debug|Any CPU = Debug|Any CPU
		Release|Any CPU = Release|Any CPU
	EndGlobalSection
	GlobalSection(ProjectConfigurationPlatforms) = postSolution
		{BCB426D3-5C2E-40AA-959B-A74BEF128344}.Debug|Any CPU.ActiveCfg = Debug|Any CPU
		{BCB426D3-5C2E-40AA-959B-A74BEF128344}.Debug|Any CPU.Build.0 = Debug|Any CPU
		{BCB426D3-5C2E-40AA-959B-A74BEF128344}.Release|Any CPU.ActiveCfg = Release|Any CPU
		{BCB426D3-5C2E-40AA-959B-A74BEF128344}.Release|Any CPU.Build.0 = Release|Any CPU
	EndGlobalSection
EndGlobal
